
Microsoft Visual Studio Solution File, Format Version 12.00
# Visual Studio Version 17
VisualStudioVersion = 17.9.34723.18
MinimumVisualStudioVersion = 10.0.40219.1
Project("{FAE04EC0-301F-11D3-BF4B-00C04F79EFBC}") = "Entities", "Entities\Entities.csproj", "{0802D166-CD96-4321-B43A-767B4B74E33C}"
EndProject
Project("{FAE04EC0-301F-11D3-BF4B-00C04F79EFBC}") = "DataAccess", "DataAccess\DataAccess.csproj", "{82DAA0E9-7B38-4A43-80BB-C6369EF20742}"
EndProject
Project("{FAE04EC0-301F-11D3-BF4B-00C04F79EFBC}") = "Business", "Business\Business.csproj", "{DCCA3DFA-40AB-48DF-8D7D-07865EB4FBD2}"
EndProject
Project("{FAE04EC0-301F-11D3-BF4B-00C04F79EFBC}") = "ConsoleUI", "ConsoleUI\ConsoleUI.csproj", "{379D6757-3DD6-4186-BF8F-DD9A5AFF225E}"
EndProject
Global
	GlobalSection(SolutionConfigurationPlatforms) = preSolution
		Debug|Any CPU = Debug|Any CPU
		Release|Any CPU = Release|Any CPU
	EndGlobalSection
	GlobalSection(ProjectConfigurationPlatforms) = postSolution
		{0802D166-CD96-4321-B43A-767B4B74E33C}.Debug|Any CPU.ActiveCfg = Debug|Any CPU
		{0802D166-CD96-4321-B43A-767B4B74E33C}.Debug|Any CPU.Build.0 = Debug|Any CPU
		{0802D166-CD96-4321-B43A-767B4B74E33C}.Release|Any CPU.ActiveCfg = Release|Any CPU
		{0802D166-CD96-4321-B43A-767B4B74E33C}.Release|Any CPU.Build.0 = Release|Any CPU
		{82DAA0E9-7B38-4A43-80BB-C6369EF20742}.Debug|Any CPU.ActiveCfg = Debug|Any CPU
		{82DAA0E9-7B38-4A43-80BB-C6369EF20742}.Debug|Any CPU.Build.0 = Debug|Any CPU
		{82DAA0E9-7B38-4A43-80BB-C6369EF20742}.Release|Any CPU.ActiveCfg = Release|Any CPU
		{82DAA0E9-7B38-4A43-80BB-C6369EF20742}.Release|Any CPU.Build.0 = Release|Any CPU
		{DCCA3DFA-40AB-48DF-8D7D-07865EB4FBD2}.Debug|Any CPU.ActiveCfg = Debug|Any CPU
		{DCCA3DFA-40AB-48DF-8D7D-07865EB4FBD2}.Debug|Any CPU.Build.0 = Debug|Any CPU
		{DCCA3DFA-40AB-48DF-8D7D-07865EB4FBD2}.Release|Any CPU.ActiveCfg = Release|Any CPU
		{DCCA3DFA-40AB-48DF-8D7D-07865EB4FBD2}.Release|Any CPU.Build.0 = Release|Any CPU
		{379D6757-3DD6-4186-BF8F-DD9A5AFF225E}.Debug|Any CPU.ActiveCfg = Debug|Any CPU
		{379D6757-3DD6-4186-BF8F-DD9A5AFF225E}.Debug|Any CPU.Build.0 = Debug|Any CPU
		{379D6757-3DD6-4186-BF8F-DD9A5AFF225E}.Release|Any CPU.ActiveCfg = Release|Any CPU
		{379D6757-3DD6-4186-BF8F-DD9A5AFF225E}.Release|Any CPU.Build.0 = Release|Any CPU
	EndGlobalSection
	GlobalSection(SolutionProperties) = preSolution
		HideSolutionNode = FALSE
	EndGlobalSection
	GlobalSection(ExtensibilityGlobals) = postSolution
		SolutionGuid = {304C0AF6-E717-4F9C-85C1-4B70F165A12F}
	EndGlobalSection
EndGlobal
